
Microsoft Visual Studio Solution File, Format Version 12.00
# Visual Studio Version 17
VisualStudioVersion = 17.1.32228.430
MinimumVisualStudioVersion = 10.0.40219.1
Project("{FAE04EC0-301F-11D3-BF4B-00C04F79EFBC}") = "ConsoleMultitypes", "ConsoleMultitypes\ConsoleMultitypes.csproj", "{91790EBF-53A1-441E-9798-367B66B5ADED}"
EndProject
Global
	GlobalSection(SolutionConfigurationPlatforms) = preSolution
		Debug|Any CPU = Debug|Any CPU
		Release|Any CPU = Release|Any CPU
	EndGlobalSection
	GlobalSection(ProjectConfigurationPlatforms) = postSolution
		{91790EBF-53A1-441E-9798-367B66B5ADED}.Debug|Any CPU.ActiveCfg = Debug|Any CPU
		{91790EBF-53A1-441E-9798-367B66B5ADED}.Debug|Any CPU.Build.0 = Debug|Any CPU
		{91790EBF-53A1-441E-9798-367B66B5ADED}.Release|Any CPU.ActiveCfg = Release|Any CPU
		{91790EBF-53A1-441E-9798-367B66B5ADED}.Release|Any CPU.Build.0 = Release|Any CPU
	EndGlobalSection
	GlobalSection(SolutionProperties) = preSolution
		HideSolutionNode = FALSE
	EndGlobalSection
	GlobalSection(ExtensibilityGlobals) = postSolution
		SolutionGuid = {348806FE-5B0C-4A09-A18A-517398CFC214}
	EndGlobalSection
EndGlobal
